
Microsoft Visual Studio Solution File, Format Version 12.00
# Visual Studio 15
VisualStudioVersion = 15.0.28307.421
MinimumVisualStudioVersion = 10.0.40219.1
Project("{FAE04EC0-301F-11D3-BF4B-00C04F79EFBC}") = "powerConsumptionWPF", "powerConsumptionWPF\powerConsumptionWPF.csproj", "{A90CA968-E5B0-4470-84D6-77A41154A5F2}"
EndProject
Global
	GlobalSection(SolutionConfigurationPlatforms) = preSolution
		Debug|Any CPU = Debug|Any CPU
		Release|Any CPU = Release|Any CPU
	EndGlobalSection
	GlobalSection(ProjectConfigurationPlatforms) = postSolution
		{A90CA968-E5B0-4470-84D6-77A41154A5F2}.Debug|Any CPU.ActiveCfg = Debug|Any CPU
		{A90CA968-E5B0-4470-84D6-77A41154A5F2}.Debug|Any CPU.Build.0 = Debug|Any CPU
		{A90CA968-E5B0-4470-84D6-77A41154A5F2}.Release|Any CPU.ActiveCfg = Release|Any CPU
		{A90CA968-E5B0-4470-84D6-77A41154A5F2}.Release|Any CPU.Build.0 = Release|Any CPU
	EndGlobalSection
	GlobalSection(SolutionProperties) = preSolution
		HideSolutionNode = FALSE
	EndGlobalSection
	GlobalSection(ExtensibilityGlobals) = postSolution
		SolutionGuid = {A5BBD58D-B108-4B8E-8D70-561DD7C5B30A}
	EndGlobalSection
EndGlobal
